github.com/IlyaFloppy/observable v0.0.0-20210915233658-b864272250be h1:Qp8fvNjK66LPDwGjh5jpbSbVFFjx21Bj1mTQmfDj2BY=
github.com/IlyaFloppy/observable v0.0.0-20210915233658-b864272250be/go.mod h1:GO9x7ulcZ5k+49/6T6VP2hkz5+de55cOWZ0NjkzwmsE=
github.com/IlyaFloppy/observable v1.0.1 h1:xnWnQ9uSIWBRwMsRO531+tGKAJR8dNwmlQt638I4/qM=
github.com/IlyaFloppy/observable v1.0.1/go.mod h1:GO9x7ulcZ5k+49/6T6VP2hkz5+de55cOWZ0NjkzwmsE=
github.com/IlyaFloppy/observable v1.0.2 h1:/nDhS+hTAsNAklG6GZSawjnKrjKIFTB+1s7aM8j2oqY=
github.com/IlyaFloppy/observable v1.0.2/go.mod h1:GO9x7ulcZ5k+49/6T6VP2hkz5+de55cOWZ0NjkzwmsE=
github.com/golang/protobuf v1.5.0/go.mod h1:FsONVRAS9T7sI+LIUmWTfcYkHO4aIWwzhcaSAoJOfIk=
github.com/google/go-cmp v0.5.5/go.mod h1:v8dTdLbMG2kIc/vJvl+f65V22dbkXbowE6jgT/gNBxE=
golang.org/x/xerrors v0.0.0-20191204190536-9bdfabe68543/go.mod h1:I/5z698sn9Ka8TeJc9MKroUUfqBBauWjQqLJ2OPfmY0=
google.golang.org/protobuf v1.26.0-rc.1/go.mod h1:jlhhOSvTdKEhbULTjvd4ARK9grFBp09yW+WbY/TyQbw=
google.golang.org/protobuf v1.27.1 h1:SnqbnDw1V7RiZcXPx5MEeqPv2s79L9i7BJUlG/+RurQ=
google.golang.org/protobuf v1.27.1/go.mod h1:9q0QmTI4eRPtz6boOQmLYwt+qCgq0jsYwAQnmE0givc=
